// !$*UTF8*$!
{
	archiveVersion = 1;
	classes = {
	};
	objectVersion = 50;
	objects = {

/* Begin PBXBuildFile section */
		3CC586902144A9120068E691 /* main.swift in Sources */ = {isa = PBXBuildFile; fileRef = 3CC5868F2144A9120068E691 /* main.swift */; };
		3CC586972144A9390068E691 /* IPrintable.swift in Sources */ = {isa = PBXBuildFile; fileRef = 3CC586962144A9390068E691 /* IPrintable.swift */; };
		3CC58699214705C70068E691 /* Vehicle.swift in Sources */ = {isa = PBXBuildFile; fileRef = 3CC58698214705C70068E691 /* Vehicle.swift */; };
		3CC5869B214705DB0068E691 /* Car.swift in Sources */ = {isa = PBXBuildFile; fileRef = 3CC5869A214705DB0068E691 /* Car.swift */; };
		3CC5869D214705EB0068E691 /* Motorcycle.swift in Sources */ = {isa = PBXBuildFile; fileRef = 3CC5869C214705EB0068E691 /* Motorcycle.swift */; };
		3CC5869F214706A00068E691 /* PartTime.swift in Sources */ = {isa = PBXBuildFile; fileRef = 3CC5869E214706A00068E691 /* PartTime.swift */; };
		3CC586A1214706BC0068E691 /* CommissionBasedPartTime.swift in Sources */ = {isa = PBXBuildFile; fileRef = 3CC586A0214706BC0068E691 /* CommissionBasedPartTime.swift */; };
		3CC586A3214706E20068E691 /* FixedBasedPartTime.swift in Sources */ = {isa = PBXBuildFile; fileRef = 3CC586A2214706E20068E691 /* FixedBasedPartTime.swift */; };
		3CC586A5214726110068E691 /* Employee.swift in Sources */ = {isa = PBXBuildFile; fileRef = 3CC586A4214726110068E691 /* Employee.swift */; };
		3CC586A72147262D0068E691 /* Intern.swift in Sources */ = {isa = PBXBuildFile; fileRef = 3CC586A62147262D0068E691 /* Intern.swift */; };
		3CC586A92147264A0068E691 /* FullTime.swift in Sources */ = {isa = PBXBuildFile; fileRef = 3CC586A82147264A0068E691 /* FullTime.swift */; };
/* End PBXBuildFile section */

/* Begin PBXCopyFilesBuildPhase section */
		3CC5868A2144A9120068E691 /* CopyFiles */ = {
			isa = PBXCopyFilesBuildPhase;
			buildActionMask = 2147483647;
			dstPath = /usr/share/man/man1/;
			dstSubfolderSpec = 0;
			files = (
			);
			runOnlyForDeploymentPostprocessing = 1;
		};
/* End PBXCopyFilesBuildPhase section */

/* Begin PBXFileReference section */
		3CC5868C2144A9120068E691 /* Payroll System */ = {isa = PBXFileReference; explicitFileType = "compiled.mach-o.executable"; includeInIndex = 0; path = "Payroll System"; sourceTree = BUILT_PRODUCTS_DIR; };
		3CC5868F2144A9120068E691 /* main.swift */ = {isa = PBXFileReference; lastKnownFileType = sourcecode.swift; path = main.swift; sourceTree = "<group>"; };
		3CC586962144A9390068E691 /* IPrintable.swift */ = {isa = PBXFileReference; lastKnownFileType = sourcecode.swift; path = IPrintable.swift; sourceTree = "<group>"; };
		3CC58698214705C70068E691 /* Vehicle.swift */ = {isa = PBXFileReference; lastKnownFileType = sourcecode.swift; path = Vehicle.swift; sourceTree = "<group>"; };
		3CC5869A214705DB0068E691 /* Car.swift */ = {isa = PBXFileReference; lastKnownFileType = sourcecode.swift; path = Car.swift; sourceTree = "<group>"; };
		3CC5869C214705EB0068E691 /* Motorcycle.swift */ = {isa = PBXFileReference; lastKnownFileType = sourcecode.swift; path = Motorcycle.swift; sourceTree = "<group>"; };
		3CC5869E214706A00068E691 /* PartTime.swift */ = {isa = PBXFileReference; lastKnownFileType = sourcecode.swift; path = PartTime.swift; sourceTree = "<group>"; };
		3CC586A0214706BC0068E691 /* CommissionBasedPartTime.swift */ = {isa = PBXFileReference; lastKnownFileType = sourcecode.swift; path = CommissionBasedPartTime.swift; sourceTree = "<group>"; };
		3CC586A2214706E20068E691 /* FixedBasedPartTime.swift */ = {isa = PBXFileReference; lastKnownFileType = sourcecode.swift; path = FixedBasedPartTime.swift; sourceTree = "<group>"; };
		3CC586A4214726110068E691 /* Employee.swift */ = {isa = PBXFileReference; lastKnownFileType = sourcecode.swift; path = Employee.swift; sourceTree = "<group>"; };
		3CC586A62147262D0068E691 /* Intern.swift */ = {isa = PBXFileReference; lastKnownFileType = sourcecode.swift; path = Intern.swift; sourceTree = "<group>"; };
		3CC586A82147264A0068E691 /* FullTime.swift */ = {isa = PBXFileReference; lastKnownFileType = sourcecode.swift; path = FullTime.swift; sourceTree = "<group>"; };
/* End PBXFileReference section */

/* Begin PBXFrameworksBuildPhase section */
		3CC586892144A9120068E691 /* Frameworks */ = {
			isa = PBXFrameworksBuildPhase;
			buildActionMask = 2147483647;
			files = (
			);
			runOnlyForDeploymentPostprocessing = 0;
		};
/* End PBXFrameworksBuildPhase section */

/* Begin PBXGroup section */
		3CC586832144A9120068E691 = {
			isa = PBXGroup;
			children = (
				3CC5868E2144A9120068E691 /* Payroll System */,
				3CC5868D2144A9120068E691 /* Products */,
			);
			sourceTree = "<group>";
		};
		3CC5868D2144A9120068E691 /* Products */ = {
			isa = PBXGroup;
			children = (
				3CC5868C2144A9120068E691 /* Payroll System */,
			);
			name = Products;
			sourceTree = "<group>";
		};
		3CC5868E2144A9120068E691 /* Payroll System */ = {
			isa = PBXGroup;
			children = (
				3CC586AD214729080068E691 /* Protocols */,
				3CC586AB214728B90068E691 /* Employee */,
				3CC586AA214728480068E691 /* Vehicle */,
				3CC5868F2144A9120068E691 /* main.swift */,
			);
			path = "Payroll System";
			sourceTree = "<group>";
		};
		3CC586AA214728480068E691 /* Vehicle */ = {
			isa = PBXGroup;
			children = (
				3CC58698214705C70068E691 /* Vehicle.swift */,
				3CC5869A214705DB0068E691 /* Car.swift */,
				3CC5869C214705EB0068E691 /* Motorcycle.swift */,
			);
			path = Vehicle;
			sourceTree = "<group>";
		};
		3CC586AB214728B90068E691 /* Employee */ = {
			isa = PBXGroup;
			children = (
				3CC586AC214728ED0068E691 /* PartTime */,
				3CC586A82147264A0068E691 /* FullTime.swift */,
				3CC586A4214726110068E691 /* Employee.swift */,
				3CC586A62147262D0068E691 /* Intern.swift */,
			);
			path = Employee;
			sourceTree = "<group>";
		};
		3CC586AC214728ED0068E691 /* PartTime */ = {
			isa = PBXGroup;
			children = (
				3CC5869E214706A00068E691 /* PartTime.swift */,
				3CC586A0214706BC0068E691 /* CommissionBasedPartTime.swift */,
				3CC586A2214706E20068E691 /* FixedBasedPartTime.swift */,
			);
			path = PartTime;
			sourceTree = "<group>";
		};
		3CC586AD214729080068E691 /* Protocols */ = {
			isa = PBXGroup;
			children = (
				3CC586962144A9390068E691 /* IPrintable.swift */,
			);
			path = Protocols;
			sourceTree = "<group>";
		};
/* End PBXGroup section */

/* Begin PBXNativeTarget section */
		3CC5868B2144A9120068E691 /* Payroll System */ = {
			isa = PBXNativeTarget;
			buildConfigurationList = 3CC586932144A9120068E691 /* Build configuration list for PBXNativeTarget "Payroll System" */;
			buildPhases = (
				3CC586882144A9120068E691 /* Sources */,
				3CC586892144A9120068E691 /* Frameworks */,
				3CC5868A2144A9120068E691 /* CopyFiles */,
			);
			buildRules = (
			);
			dependencies = (
			);
			name = "Payroll System";
			productName = "Payroll System";
			productReference = 3CC5868C2144A9120068E691 /* Payroll System */;
			productType = "com.apple.product-type.tool";
		};
/* End PBXNativeTarget section */

/* Begin PBXProject section */
		3CC586842144A9120068E691 /* Project object */ = {
			isa = PBXProject;
			attributes = {
				LastSwiftUpdateCheck = 0940;
				LastUpgradeCheck = 0940;
				ORGANIZATIONNAME = "Giselle Tavares";
				TargetAttributes = {
					3CC5868B2144A9120068E691 = {
						CreatedOnToolsVersion = 9.4.1;
					};
				};
			};
			buildConfigurationList = 3CC586872144A9120068E691 /* Build configuration list for PBXProject "Payroll System" */;
			compatibilityVersion = "Xcode 9.3";
			developmentRegion = en;
			hasScannedForEncodings = 0;
			knownRegions = (
				en,
			);
			mainGroup = 3CC586832144A9120068E691;
			productRefGroup = 3CC5868D2144A9120068E691 /* Products */;
			projectDirPath = "";
			projectRoot = "";
			targets = (
				3CC5868B2144A9120068E691 /* Payroll System */,
			);
		};
/* End PBXProject section */

/* Begin PBXSourcesBuildPhase section */
		3CC586882144A9120068E691 /* Sources */ = {
			isa = PBXSourcesBuildPhase;
			buildActionMask = 2147483647;
			files = (
				3CC586A3214706E20068E691 /* FixedBasedPartTime.swift in Sources */,
				3CC586A5214726110068E691 /* Employee.swift in Sources */,
				3CC586A1214706BC0068E691 /* CommissionBasedPartTime.swift in Sources */,
				3CC58699214705C70068E691 /* Vehicle.swift in Sources */,
				3CC586A92147264A0068E691 /* FullTime.swift in Sources */,
				3CC5869D214705EB0068E691 /* Motorcycle.swift in Sources */,
				3CC586A72147262D0068E691 /* Intern.swift in Sources */,
				3CC586902144A9120068E691 /* main.swift in Sources */,
				3CC5869F214706A00068E691 /* PartTime.swift in Sources */,
				3CC5869B214705DB0068E691 /* Car.swift in Sources */,
				3CC586972144A9390068E691 /* IPrintable.swift in Sources */,
			);
			runOnlyForDeploymentPostprocessing = 0;
		};
/* End PBXSourcesBuildPhase section */

/* Begin XCBuildConfiguration section */
		3CC586912144A9120068E691 /* Debug */ = {
			isa = XCBuildConfiguration;
			buildSettings = {
				ALWAYS_SEARCH_USER_PATHS = NO;
				CLANG_ANALYZER_NONNULL = YES;
				CLANG_ANALYZER_NUMBER_OBJECT_CONVERSION = YES_AGGRESSIVE;
				CLANG_CXX_LANGUAGE_STANDARD = "gnu++14";
				CLANG_CXX_LIBRARY = "libc++";
				CLANG_ENABLE_MODULES = YES;
				CLANG_ENABLE_OBJC_ARC = YES;
				CLANG_ENABLE_OBJC_WEAK = YES;
				CLANG_WARN_BLOCK_CAPTURE_AUTORELEASING = YES;
				CLANG_WARN_BOOL_CONVERSION = YES;
				CLANG_WARN_COMMA = YES;
				CLANG_WARN_CONSTANT_CONVERSION = YES;
				CLANG_WARN_DEPRECATED_OBJC_IMPLEMENTATIONS = YES;
				CLANG_WARN_DIRECT_OBJC_ISA_USAGE = YES_ERROR;
				CLANG_WARN_DOCUMENTATION_COMMENTS = YES;
				CLANG_WARN_EMPTY_BODY = YES;
				CLANG_WARN_ENUM_CONVERSION = YES;
				CLANG_WARN_INFINITE_RECURSION = YES;
				CLANG_WARN_INT_CONVERSION = YES;
				CLANG_WARN_NON_LITERAL_NULL_CONVERSION = YES;
				CLANG_WARN_OBJC_IMPLICIT_RETAIN_SELF = YES;
				CLANG_WARN_OBJC_LITERAL_CONVERSION = YES;
				CLANG_WARN_OBJC_ROOT_CLASS = YES_ERROR;
				CLANG_WARN_RANGE_LOOP_ANALYSIS = YES;
				CLANG_WARN_STRICT_PROTOTYPES = YES;
				CLANG_WARN_SUSPICIOUS_MOVE = YES;
				CLANG_WARN_UNGUARDED_AVAILABILITY = YES_AGGRESSIVE;
				CLANG_WARN_UNREACHABLE_CODE = YES;
				CLANG_WARN__DUPLICATE_METHOD_MATCH = YES;
				CODE_SIGN_IDENTITY = "-";
				COPY_PHASE_STRIP = NO;
				DEBUG_INFORMATION_FORMAT = dwarf;
				ENABLE_STRICT_OBJC_MSGSEND = YES;
				ENABLE_TESTABILITY = YES;
				GCC_C_LANGUAGE_STANDARD = gnu11;
				GCC_DYNAMIC_NO_PIC = NO;
				GCC_NO_COMMON_BLOCKS = YES;
				GCC_OPTIMIZATION_LEVEL = 0;
				GCC_PREPROCESSOR_DEFINITIONS = (
					"DEBUG=1",
					"$(inherited)",
				);
				GCC_WARN_64_TO_32_BIT_CONVERSION = YES;
				GCC_WARN_ABOUT_RETURN_TYPE = YES_ERROR;
				GCC_WARN_UNDECLARED_SELECTOR = YES;
				GCC_WARN_UNINITIALIZED_AUTOS = YES_AGGRESSIVE;
				GCC_WARN_UNUSED_FUNCTION = YES;
				GCC_WARN_UNUSED_VARIABLE = YES;
				MACOSX_DEPLOYMENT_TARGET = 10.13;
				MTL_ENABLE_DEBUG_INFO = YES;
				ONLY_ACTIVE_ARCH = YES;
				SDKROOT = macosx;
				SWIFT_ACTIVE_COMPILATION_CONDITIONS = DEBUG;
				SWIFT_OPTIMIZATION_LEVEL = "-Onone";
			};
			name = Debug;
		};
		3CC586922144A9120068E691 /* Release */ = {
			isa = XCBuildConfiguration;
			buildSettings = {
				ALWAYS_SEARCH_USER_PATHS = NO;
				CLANG_ANALYZER_NONNULL = YES;
				CLANG_ANALYZER_NUMBER_OBJECT_CONVERSION = YES_AGGRESSIVE;
				CLANG_CXX_LANGUAGE_STANDARD = "gnu++14";
				CLANG_CXX_LIBRARY = "libc++";
				CLANG_ENABLE_MODULES = YES;
				CLANG_ENABLE_OBJC_ARC = YES;
				CLANG_ENABLE_OBJC_WEAK = YES;
				CLANG_WARN_BLOCK_CAPTURE_AUTORELEASING = YES;
				CLANG_WARN_BOOL_CONVERSION = YES;
				CLANG_WARN_COMMA = YES;
				CLANG_WARN_CONSTANT_CONVERSION = YES;
				CLANG_WARN_DEPRECATED_OBJC_IMPLEMENTATIONS = YES;
				CLANG_WARN_DIRECT_OBJC_ISA_USAGE = YES_ERROR;
				CLANG_WARN_DOCUMENTATION_COMMENTS = YES;
				CLANG_WARN_EMPTY_BODY = YES;
				CLANG_WARN_ENUM_CONVERSION = YES;
				CLANG_WARN_INFINITE_RECURSION = YES;
				CLANG_WARN_INT_CONVERSION = YES;
				CLANG_WARN_NON_LITERAL_NULL_CONVERSION = YES;
				CLANG_WARN_OBJC_IMPLICIT_RETAIN_SELF = YES;
				CLANG_WARN_OBJC_LITERAL_CONVERSION = YES;
				CLANG_WARN_OBJC_ROOT_CLASS = YES_ERROR;
				CLANG_WARN_RANGE_LOOP_ANALYSIS = YES;
				CLANG_WARN_STRICT_PROTOTYPES = YES;
				CLANG_WARN_SUSPICIOUS_MOVE = YES;
				CLANG_WARN_UNGUARDED_AVAILABILITY = YES_AGGRESSIVE;
				CLANG_WARN_UNREACHABLE_CODE = YES;
				CLANG_WARN__DUPLICATE_METHOD_MATCH = YES;
				CODE_SIGN_IDENTITY = "-";
				COPY_PHASE_STRIP = NO;
				DEBUG_INFORMATION_FORMAT = "dwarf-with-dsym";
				ENABLE_NS_ASSERTIONS = NO;
				ENABLE_STRICT_OBJC_MSGSEND = YES;
				GCC_C_LANGUAGE_STANDARD = gnu11;
				GCC_NO_COMMON_BLOCKS = YES;
				GCC_WARN_64_TO_32_BIT_CONVERSION = YES;
				GCC_WARN_ABOUT_RETURN_TYPE = YES_ERROR;
				GCC_WARN_UNDECLARED_SELECTOR = YES;
				GCC_WARN_UNINITIALIZED_AUTOS = YES_AGGRESSIVE;
				GCC_WARN_UNUSED_FUNCTION = YES;
				GCC_WARN_UNUSED_VARIABLE = YES;
				MACOSX_DEPLOYMENT_TARGET = 10.13;
				MTL_ENABLE_DEBUG_INFO = NO;
				SDKROOT = macosx;
				SWIFT_COMPILATION_MODE = wholemodule;
				SWIFT_OPTIMIZATION_LEVEL = "-O";
			};
			name = Release;
		};
		3CC586942144A9120068E691 /* Debug */ = {
			isa = XCBuildConfiguration;
			buildSettings = {
				CODE_SIGN_STYLE = Automatic;
				PRODUCT_NAME = "$(TARGET_NAME)";
				SWIFT_VERSION = 4.0;
			};
			name = Debug;
		};
		3CC586952144A9120068E691 /* Release */ = {
			isa = XCBuildConfiguration;
			buildSettings = {
				CODE_SIGN_STYLE = Automatic;
				PRODUCT_NAME = "$(TARGET_NAME)";
				SWIFT_VERSION = 4.0;
			};
			name = Release;
		};
/* End XCBuildConfiguration section */

/* Begin XCConfigurationList section */
		3CC586872144A9120068E691 /* Build configuration list for PBXProject "Payroll System" */ = {
			isa = XCConfigurationList;
			buildConfigurations = (
				3CC586912144A9120068E691 /* Debug */,
				3CC586922144A9120068E691 /* Release */,
			);
			defaultConfigurationIsVisible = 0;
			defaultConfigurationName = Release;
		};
		3CC586932144A9120068E691 /* Build configuration list for PBXNativeTarget "Payroll System" */ = {
			isa = XCConfigurationList;
			buildConfigurations = (
				3CC586942144A9120068E691 /* Debug */,
				3CC586952144A9120068E691 /* Release */,
			);
			defaultConfigurationIsVisible = 0;
			defaultConfigurationName = Release;
		};
/* End XCConfigurationList section */
	};
	rootObject = 3CC586842144A9120068E691 /* Project object */;
}
